
Microsoft Visual Studio Solution File, Format Version 12.00
# Visual Studio Version 17
VisualStudioVersion = 17.14.36414.22 d17.14
MinimumVisualStudioVersion = 10.0.40219.1
Project("{FAE04EC0-301F-11D3-BF4B-00C04F79EFBC}") = "YoutubeConverter", "YoutubeConverter.csproj", "{A1F423E7-3C77-4D77-854D-694FC9B347B8}"
EndProject
Global
	GlobalSection(SolutionConfigurationPlatforms) = preSolution
		Debug|Any CPU = Debug|Any CPU
		Release|Any CPU = Release|Any CPU
	EndGlobalSection
	GlobalSection(ProjectConfigurationPlatforms) = postSolution
		{A1F423E7-3C77-4D77-854D-694FC9B347B8}.Debug|Any CPU.ActiveCfg = Debug|Any CPU
		{A1F423E7-3C77-4D77-854D-694FC9B347B8}.Debug|Any CPU.Build.0 = Debug|Any CPU
		{A1F423E7-3C77-4D77-854D-694FC9B347B8}.Release|Any CPU.ActiveCfg = Release|Any CPU
		{A1F423E7-3C77-4D77-854D-694FC9B347B8}.Release|Any CPU.Build.0 = Release|Any CPU
	EndGlobalSection
	GlobalSection(SolutionProperties) = preSolution
		HideSolutionNode = FALSE
	EndGlobalSection
	GlobalSection(ExtensibilityGlobals) = postSolution
		SolutionGuid = {FD90F0CE-48DC-49E5-925F-701DDA3CDCE6}
	EndGlobalSection
EndGlobal
